// !$*UTF8*$!
{
	archiveVersion = 1;
	classes = {
	};
	objectVersion = 51;
	objects = {

/* Begin PBXBuildFile section */
		49D6FBB2715B8CE28928FDCB /* Pods_TestTaskPhotoApp.framework in Frameworks */ = {isa = PBXBuildFile; fileRef = 4AF88128D38B67A52DDED3C2 /* Pods_TestTaskPhotoApp.framework */; };
		84A0176525D59320006B9FD5 /* AppDelegate.swift in Sources */ = {isa = PBXBuildFile; fileRef = 84A0176425D59320006B9FD5 /* AppDelegate.swift */; };
		84A0176725D59320006B9FD5 /* SceneDelegate.swift in Sources */ = {isa = PBXBuildFile; fileRef = 84A0176625D59320006B9FD5 /* SceneDelegate.swift */; };
		84A0176925D59320006B9FD5 /* PhotosViewController.swift in Sources */ = {isa = PBXBuildFile; fileRef = 84A0176825D59320006B9FD5 /* PhotosViewController.swift */; };
		84A0176E25D59324006B9FD5 /* Assets.xcassets in Resources */ = {isa = PBXBuildFile; fileRef = 84A0176D25D59324006B9FD5 /* Assets.xcassets */; };
		84A0177125D59324006B9FD5 /* LaunchScreen.storyboard in Resources */ = {isa = PBXBuildFile; fileRef = 84A0176F25D59324006B9FD5 /* LaunchScreen.storyboard */; };
		84A0179125D5AD40006B9FD5 /* PhotoCollectionViewCell.swift in Sources */ = {isa = PBXBuildFile; fileRef = 84A0179025D5AD40006B9FD5 /* PhotoCollectionViewCell.swift */; };
		84A0179525D5B22C006B9FD5 /* NetworkService.swift in Sources */ = {isa = PBXBuildFile; fileRef = 84A0179425D5B22C006B9FD5 /* NetworkService.swift */; };
		84A0179825D5C9C3006B9FD5 /* NetworkDataFetcher.swift in Sources */ = {isa = PBXBuildFile; fileRef = 84A0179725D5C9C3006B9FD5 /* NetworkDataFetcher.swift */; };
		84A0179B25D5CA2E006B9FD5 /* Photo.swift in Sources */ = {isa = PBXBuildFile; fileRef = 84A0179A25D5CA2E006B9FD5 /* Photo.swift */; };
/* End PBXBuildFile section */

/* Begin PBXFileReference section */
		468593878FC93EC7B93B28C1 /* Pods-TestTaskPhotoApp.release.xcconfig */ = {isa = PBXFileReference; includeInIndex = 1; lastKnownFileType = text.xcconfig; name = "Pods-TestTaskPhotoApp.release.xcconfig"; path = "Target Support Files/Pods-TestTaskPhotoApp/Pods-TestTaskPhotoApp.release.xcconfig"; sourceTree = "<group>"; };
		4AF88128D38B67A52DDED3C2 /* Pods_TestTaskPhotoApp.framework */ = {isa = PBXFileReference; explicitFileType = wrapper.framework; includeInIndex = 0; path = Pods_TestTaskPhotoApp.framework; sourceTree = BUILT_PRODUCTS_DIR; };
		835E6563AC3D1586DD6BC2EF /* Pods-TestTaskPhotoApp.debug.xcconfig */ = {isa = PBXFileReference; includeInIndex = 1; lastKnownFileType = text.xcconfig; name = "Pods-TestTaskPhotoApp.debug.xcconfig"; path = "Target Support Files/Pods-TestTaskPhotoApp/Pods-TestTaskPhotoApp.debug.xcconfig"; sourceTree = "<group>"; };
		84A0176125D59320006B9FD5 /* TestTaskPhotoApp.app */ = {isa = PBXFileReference; explicitFileType = wrapper.application; includeInIndex = 0; path = TestTaskPhotoApp.app; sourceTree = BUILT_PRODUCTS_DIR; };
		84A0176425D59320006B9FD5 /* AppDelegate.swift */ = {isa = PBXFileReference; lastKnownFileType = sourcecode.swift; path = AppDelegate.swift; sourceTree = "<group>"; };
		84A0176625D59320006B9FD5 /* SceneDelegate.swift */ = {isa = PBXFileReference; lastKnownFileType = sourcecode.swift; path = SceneDelegate.swift; sourceTree = "<group>"; };
		84A0176825D59320006B9FD5 /* PhotosViewController.swift */ = {isa = PBXFileReference; lastKnownFileType = sourcecode.swift; path = PhotosViewController.swift; sourceTree = "<group>"; };
		84A0176D25D59324006B9FD5 /* Assets.xcassets */ = {isa = PBXFileReference; lastKnownFileType = folder.assetcatalog; path = Assets.xcassets; sourceTree = "<group>"; };
		84A0177025D59324006B9FD5 /* Base */ = {isa = PBXFileReference; lastKnownFileType = file.storyboard; name = Base; path = Base.lproj/LaunchScreen.storyboard; sourceTree = "<group>"; };
		84A0177225D59324006B9FD5 /* Info.plist */ = {isa = PBXFileReference; lastKnownFileType = text.plist.xml; path = Info.plist; sourceTree = "<group>"; };
		84A0179025D5AD40006B9FD5 /* PhotoCollectionViewCell.swift */ = {isa = PBXFileReference; lastKnownFileType = sourcecode.swift; path = PhotoCollectionViewCell.swift; sourceTree = "<group>"; };
		84A0179425D5B22C006B9FD5 /* NetworkService.swift */ = {isa = PBXFileReference; lastKnownFileType = sourcecode.swift; path = NetworkService.swift; sourceTree = "<group>"; };
		84A0179725D5C9C3006B9FD5 /* NetworkDataFetcher.swift */ = {isa = PBXFileReference; lastKnownFileType = sourcecode.swift; path = NetworkDataFetcher.swift; sourceTree = "<group>"; };
		84A0179A25D5CA2E006B9FD5 /* Photo.swift */ = {isa = PBXFileReference; lastKnownFileType = sourcecode.swift; path = Photo.swift; sourceTree = "<group>"; };
/* End PBXFileReference section */

/* Begin PBXFrameworksBuildPhase section */
		84A0175E25D59320006B9FD5 /* Frameworks */ = {
			isa = PBXFrameworksBuildPhase;
			buildActionMask = 2147483647;
			files = (
				49D6FBB2715B8CE28928FDCB /* Pods_TestTaskPhotoApp.framework in Frameworks */,
			);
			runOnlyForDeploymentPostprocessing = 0;
		};
/* End PBXFrameworksBuildPhase section */

/* Begin PBXGroup section */
		8458EF1E25D83D07002F9860 /* Cell */ = {
			isa = PBXGroup;
			children = (
				84A0179025D5AD40006B9FD5 /* PhotoCollectionViewCell.swift */,
			);
			path = Cell;
			sourceTree = "<group>";
		};
		84A0175825D59320006B9FD5 = {
			isa = PBXGroup;
			children = (
				84A0176325D59320006B9FD5 /* TestTaskPhotoApp */,
				84A0176225D59320006B9FD5 /* Products */,
				D681A3C20B9D9F381E815A77 /* Pods */,
				BBB5A8DF7F888FA56439D0B9 /* Frameworks */,
			);
			sourceTree = "<group>";
		};
		84A0176225D59320006B9FD5 /* Products */ = {
			isa = PBXGroup;
			children = (
				84A0176125D59320006B9FD5 /* TestTaskPhotoApp.app */,
			);
			name = Products;
			sourceTree = "<group>";
		};
		84A0176325D59320006B9FD5 /* TestTaskPhotoApp */ = {
			isa = PBXGroup;
			children = (
				84A0177A25D59363006B9FD5 /* Application */,
				84A0178025D593AA006B9FD5 /* Model */,
				84A0177E25D59397006B9FD5 /* ViewControllers */,
				84A0179325D5B1F6006B9FD5 /* Services */,
				84A0176F25D59324006B9FD5 /* LaunchScreen.storyboard */,
				84A0176D25D59324006B9FD5 /* Assets.xcassets */,
				84A0177225D59324006B9FD5 /* Info.plist */,
			);
			path = TestTaskPhotoApp;
			sourceTree = "<group>";
		};
		84A0177A25D59363006B9FD5 /* Application */ = {
			isa = PBXGroup;
			children = (
				84A0176425D59320006B9FD5 /* AppDelegate.swift */,
				84A0176625D59320006B9FD5 /* SceneDelegate.swift */,
			);
			path = Application;
			sourceTree = "<group>";
		};
		84A0177E25D59397006B9FD5 /* ViewControllers */ = {
			isa = PBXGroup;
			children = (
				84A0176825D59320006B9FD5 /* PhotosViewController.swift */,
				8458EF1E25D83D07002F9860 /* Cell */,
			);
			path = ViewControllers;
			sourceTree = "<group>";
		};
		84A0178025D593AA006B9FD5 /* Model */ = {
			isa = PBXGroup;
			children = (
				84A0179A25D5CA2E006B9FD5 /* Photo.swift */,
			);
			path = Model;
			sourceTree = "<group>";
		};
		84A0179325D5B1F6006B9FD5 /* Services */ = {
			isa = PBXGroup;
			children = (
				84A0179425D5B22C006B9FD5 /* NetworkService.swift */,
				84A0179725D5C9C3006B9FD5 /* NetworkDataFetcher.swift */,
			);
			path = Services;
			sourceTree = "<group>";
		};
		BBB5A8DF7F888FA56439D0B9 /* Frameworks */ = {
			isa = PBXGroup;
			children = (
				4AF88128D38B67A52DDED3C2 /* Pods_TestTaskPhotoApp.framework */,
			);
			name = Frameworks;
			sourceTree = "<group>";
		};
		D681A3C20B9D9F381E815A77 /* Pods */ = {
			isa = PBXGroup;
			children = (
				835E6563AC3D1586DD6BC2EF /* Pods-TestTaskPhotoApp.debug.xcconfig */,
				468593878FC93EC7B93B28C1 /* Pods-TestTaskPhotoApp.release.xcconfig */,
			);
			path = Pods;
			sourceTree = "<group>";
		};
/* End PBXGroup section */

/* Begin PBXNativeTarget section */
		84A0176025D59320006B9FD5 /* TestTaskPhotoApp */ = {
			isa = PBXNativeTarget;
			buildConfigurationList = 84A0177525D59324006B9FD5 /* Build configuration list for PBXNativeTarget "TestTaskPhotoApp" */;
			buildPhases = (
				C31459F25055FFC955D827C2 /* [CP] Check Pods Manifest.lock */,
				84A0175D25D59320006B9FD5 /* Sources */,
				84A0175E25D59320006B9FD5 /* Frameworks */,
				84A0175F25D59320006B9FD5 /* Resources */,
				D68BEDE68C39B4DE1F3C0DFA /* [CP] Embed Pods Frameworks */,
			);
			buildRules = (
			);
			dependencies = (
			);
			name = TestTaskPhotoApp;
			productName = TestTaskPhotoApp;
			productReference = 84A0176125D59320006B9FD5 /* TestTaskPhotoApp.app */;
			productType = "com.apple.product-type.application";
		};
/* End PBXNativeTarget section */

/* Begin PBXProject section */
		84A0175925D59320006B9FD5 /* Project object */ = {
			isa = PBXProject;
			attributes = {
				LastSwiftUpdateCheck = 1220;
				LastUpgradeCheck = 1220;
				TargetAttributes = {
					84A0176025D59320006B9FD5 = {
						CreatedOnToolsVersion = 12.2;
					};
				};
			};
			buildConfigurationList = 84A0175C25D59320006B9FD5 /* Build configuration list for PBXProject "TestTaskPhotoApp" */;
			compatibilityVersion = "Xcode 9.3";
			developmentRegion = en;
			hasScannedForEncodings = 0;
			knownRegions = (
				en,
				Base,
			);
			mainGroup = 84A0175825D59320006B9FD5;
			productRefGroup = 84A0176225D59320006B9FD5 /* Products */;
			projectDirPath = "";
			projectRoot = "";
			targets = (
				84A0176025D59320006B9FD5 /* TestTaskPhotoApp */,
			);
		};
/* End PBXProject section */

/* Begin PBXResourcesBuildPhase section */
		84A0175F25D59320006B9FD5 /* Resources */ = {
			isa = PBXResourcesBuildPhase;
			buildActionMask = 2147483647;
			files = (
				84A0177125D59324006B9FD5 /* LaunchScreen.storyboard in Resources */,
				84A0176E25D59324006B9FD5 /* Assets.xcassets in Resources */,
			);
			runOnlyForDeploymentPostprocessing = 0;
		};
/* End PBXResourcesBuildPhase section */

/* Begin PBXShellScriptBuildPhase section */
		C31459F25055FFC955D827C2 /* [CP] Check Pods Manifest.lock */ = {
			isa = PBXShellScriptBuildPhase;
			buildActionMask = 2147483647;
			files = (
			);
			inputFileListPaths = (
			);
			inputPaths = (
				"${PODS_PODFILE_DIR_PATH}/Podfile.lock",
				"${PODS_ROOT}/Manifest.lock",
			);
			name = "[CP] Check Pods Manifest.lock";
			outputFileListPaths = (
			);
			outputPaths = (
				"$(DERIVED_FILE_DIR)/Pods-TestTaskPhotoApp-checkManifestLockResult.txt",
			);
			runOnlyForDeploymentPostprocessing = 0;
			shellPath = /bin/sh;
			shellScript = "diff \"${PODS_PODFILE_DIR_PATH}/Podfile.lock\" \"${PODS_ROOT}/Manifest.lock\" > /dev/null\nif [ $? != 0 ] ; then\n    # print error to STDERR\n    echo \"error: The sandbox is not in sync with the Podfile.lock. Run 'pod install' or update your CocoaPods installation.\" >&2\n    exit 1\nfi\n# This output is used by Xcode 'outputs' to avoid re-running this script phase.\necho \"SUCCESS\" > \"${SCRIPT_OUTPUT_FILE_0}\"\n";
			showEnvVarsInLog = 0;
		};
		D68BEDE68C39B4DE1F3C0DFA /* [CP] Embed Pods Frameworks */ = {
			isa = PBXShellScriptBuildPhase;
			buildActionMask = 2147483647;
			files = (
			);
			inputFileListPaths = (
				"${PODS_ROOT}/Target Support Files/Pods-TestTaskPhotoApp/Pods-TestTaskPhotoApp-frameworks-${CONFIGURATION}-input-files.xcfilelist",
			);
			name = "[CP] Embed Pods Frameworks";
			outputFileListPaths = (
				"${PODS_ROOT}/Target Support Files/Pods-TestTaskPhotoApp/Pods-TestTaskPhotoApp-frameworks-${CONFIGURATION}-output-files.xcfilelist",
			);
			runOnlyForDeploymentPostprocessing = 0;
			shellPath = /bin/sh;
			shellScript = "\"${PODS_ROOT}/Target Support Files/Pods-TestTaskPhotoApp/Pods-TestTaskPhotoApp-frameworks.sh\"\n";
			showEnvVarsInLog = 0;
		};
/* End PBXShellScriptBuildPhase section */

/* Begin PBXSourcesBuildPhase section */
		84A0175D25D59320006B9FD5 /* Sources */ = {
			isa = PBXSourcesBuildPhase;
			buildActionMask = 2147483647;
			files = (
				84A0179B25D5CA2E006B9FD5 /* Photo.swift in Sources */,
				84A0179825D5C9C3006B9FD5 /* NetworkDataFetcher.swift in Sources */,
				84A0179125D5AD40006B9FD5 /* PhotoCollectionViewCell.swift in Sources */,
				84A0176925D59320006B9FD5 /* PhotosViewController.swift in Sources */,
				84A0176525D59320006B9FD5 /* AppDelegate.swift in Sources */,
				84A0179525D5B22C006B9FD5 /* NetworkService.swift in Sources */,
				84A0176725D59320006B9FD5 /* SceneDelegate.swift in Sources */,
			);
			runOnlyForDeploymentPostprocessing = 0;
		};
/* End PBXSourcesBuildPhase section */

/* Begin PBXVariantGroup section */
		84A0176F25D59324006B9FD5 /* LaunchScreen.storyboard */ = {
			isa = PBXVariantGroup;
			children = (
				84A0177025D59324006B9FD5 /* Base */,
			);
			name = LaunchScreen.storyboard;
			sourceTree = "<group>";
		};
/* End PBXVariantGroup section */

/* Begin XCBuildConfiguration section */
		84A0177325D59324006B9FD5 /* Debug */ = {
			isa = XCBuildConfiguration;
			buildSettings = {
				ALWAYS_SEARCH_USER_PATHS = NO;
				CLANG_ANALYZER_NONNULL = YES;
				CLANG_ANALYZER_NUMBER_OBJECT_CONVERSION = YES_AGGRESSIVE;
				CLANG_CXX_LANGUAGE_STANDARD = "gnu++14";
				CLANG_CXX_LIBRARY = "libc++";
				CLANG_ENABLE_MODULES = YES;
				CLANG_ENABLE_OBJC_ARC = YES;
				CLANG_ENABLE_OBJC_WEAK = YES;
				CLANG_WARN_BLOCK_CAPTURE_AUTORELEASING = YES;
				CLANG_WARN_BOOL_CONVERSION = YES;
				CLANG_WARN_COMMA = YES;
				CLANG_WARN_CONSTANT_CONVERSION = YES;
				CLANG_WARN_DEPRECATED_OBJC_IMPLEMENTATIONS = YES;
				CLANG_WARN_DIRECT_OBJC_ISA_USAGE = YES_ERROR;
				CLANG_WARN_DOCUMENTATION_COMMENTS = YES;
				CLANG_WARN_EMPTY_BODY = YES;
				CLANG_WARN_ENUM_CONVERSION = YES;
				CLANG_WARN_INFINITE_RECURSION = YES;
				CLANG_WARN_INT_CONVERSION = YES;
				CLANG_WARN_NON_LITERAL_NULL_CONVERSION = YES;
				CLANG_WARN_OBJC_IMPLICIT_RETAIN_SELF = YES;
				CLANG_WARN_OBJC_LITERAL_CONVERSION = YES;
				CLANG_WARN_OBJC_ROOT_CLASS = YES_ERROR;
				CLANG_WARN_QUOTED_INCLUDE_IN_FRAMEWORK_HEADER = YES;
				CLANG_WARN_RANGE_LOOP_ANALYSIS = YES;
				CLANG_WARN_STRICT_PROTOTYPES = YES;
				CLANG_WARN_SUSPICIOUS_MOVE = YES;
				CLANG_WARN_UNGUARDED_AVAILABILITY = YES_AGGRESSIVE;
				CLANG_WARN_UNREACHABLE_CODE = YES;
				CLANG_WARN__DUPLICATE_METHOD_MATCH = YES;
				COPY_PHASE_STRIP = NO;
				DEBUG_INFORMATION_FORMAT = dwarf;
				ENABLE_STRICT_OBJC_MSGSEND = YES;
				ENABLE_TESTABILITY = YES;
				GCC_C_LANGUAGE_STANDARD = gnu11;
				GCC_DYNAMIC_NO_PIC = NO;
				GCC_NO_COMMON_BLOCKS = YES;
				GCC_OPTIMIZATION_LEVEL = 0;
				GCC_PREPROCESSOR_DEFINITIONS = (
					"DEBUG=1",
					"$(inherited)",
				);
				GCC_WARN_64_TO_32_BIT_CONVERSION = YES;
				GCC_WARN_ABOUT_RETURN_TYPE = YES_ERROR;
				GCC_WARN_UNDECLARED_SELECTOR = YES;
				GCC_WARN_UNINITIALIZED_AUTOS = YES_AGGRESSIVE;
				GCC_WARN_UNUSED_FUNCTION = YES;
				GCC_WARN_UNUSED_VARIABLE = YES;
				IPHONEOS_DEPLOYMENT_TARGET = 11.0;
				MTL_ENABLE_DEBUG_INFO = INCLUDE_SOURCE;
				MTL_FAST_MATH = YES;
				ONLY_ACTIVE_ARCH = YES;
				SDKROOT = iphoneos;
				SWIFT_ACTIVE_COMPILATION_CONDITIONS = DEBUG;
				SWIFT_OPTIMIZATION_LEVEL = "-Onone";
			};
			name = Debug;
		};
		84A0177425D59324006B9FD5 /* Release */ = {
			isa = XCBuildConfiguration;
			buildSettings = {
				ALWAYS_SEARCH_USER_PATHS = NO;
				CLANG_ANALYZER_NONNULL = YES;
				CLANG_ANALYZER_NUMBER_OBJECT_CONVERSION = YES_AGGRESSIVE;
				CLANG_CXX_LANGUAGE_STANDARD = "gnu++14";
				CLANG_CXX_LIBRARY = "libc++";
				CLANG_ENABLE_MODULES = YES;
				CLANG_ENABLE_OBJC_ARC = YES;
				CLANG_ENABLE_OBJC_WEAK = YES;
				CLANG_WARN_BLOCK_CAPTURE_AUTORELEASING = YES;
				CLANG_WARN_BOOL_CONVERSION = YES;
				CLANG_WARN_COMMA = YES;
				CLANG_WARN_CONSTANT_CONVERSION = YES;
				CLANG_WARN_DEPRECATED_OBJC_IMPLEMENTATIONS = YES;
				CLANG_WARN_DIRECT_OBJC_ISA_USAGE = YES_ERROR;
				CLANG_WARN_DOCUMENTATION_COMMENTS = YES;
				CLANG_WARN_EMPTY_BODY = YES;
				CLANG_WARN_ENUM_CONVERSION = YES;
				CLANG_WARN_INFINITE_RECURSION = YES;
				CLANG_WARN_INT_CONVERSION = YES;
				CLANG_WARN_NON_LITERAL_NULL_CONVERSION = YES;
				CLANG_WARN_OBJC_IMPLICIT_RETAIN_SELF = YES;
				CLANG_WARN_OBJC_LITERAL_CONVERSION = YES;
				CLANG_WARN_OBJC_ROOT_CLASS = YES_ERROR;
				CLANG_WARN_QUOTED_INCLUDE_IN_FRAMEWORK_HEADER = YES;
				CLANG_WARN_RANGE_LOOP_ANALYSIS = YES;
				CLANG_WARN_STRICT_PROTOTYPES = YES;
				CLANG_WARN_SUSPICIOUS_MOVE = YES;
				CLANG_WARN_UNGUARDED_AVAILABILITY = YES_AGGRESSIVE;
				CLANG_WARN_UNREACHABLE_CODE = YES;
				CLANG_WARN__DUPLICATE_METHOD_MATCH = YES;
				COPY_PHASE_STRIP = NO;
				DEBUG_INFORMATION_FORMAT = "dwarf-with-dsym";
				ENABLE_NS_ASSERTIONS = NO;
				ENABLE_STRICT_OBJC_MSGSEND = YES;
				GCC_C_LANGUAGE_STANDARD = gnu11;
				GCC_NO_COMMON_BLOCKS = YES;
				GCC_WARN_64_TO_32_BIT_CONVERSION = YES;
				GCC_WARN_ABOUT_RETURN_TYPE = YES_ERROR;
				GCC_WARN_UNDECLARED_SELECTOR = YES;
				GCC_WARN_UNINITIALIZED_AUTOS = YES_AGGRESSIVE;
				GCC_WARN_UNUSED_FUNCTION = YES;
				GCC_WARN_UNUSED_VARIABLE = YES;
				IPHONEOS_DEPLOYMENT_TARGET = 11.0;
				MTL_ENABLE_DEBUG_INFO = NO;
				MTL_FAST_MATH = YES;
				SDKROOT = iphoneos;
				SWIFT_COMPILATION_MODE = wholemodule;
				SWIFT_OPTIMIZATION_LEVEL = "-O";
				VALIDATE_PRODUCT = YES;
			};
			name = Release;
		};
		84A0177625D59324006B9FD5 /* Debug */ = {
			isa = XCBuildConfiguration;
			baseConfigurationReference = 835E6563AC3D1586DD6BC2EF /* Pods-TestTaskPhotoApp.debug.xcconfig */;
			buildSettings = {
				ASSETCATALOG_COMPILER_APPICON_NAME = AppIcon;
				ASSETCATALOG_COMPILER_GLOBAL_ACCENT_COLOR_NAME = AccentColor;
				CODE_SIGN_STYLE = Automatic;
				DEVELOPMENT_TEAM = 5DZ3AVXR7W;
				INFOPLIST_FILE = TestTaskPhotoApp/Info.plist;
				IPHONEOS_DEPLOYMENT_TARGET = 11.0;
				LD_RUNPATH_SEARCH_PATHS = (
					"$(inherited)",
					"@executable_path/Frameworks",
				);
				PRODUCT_BUNDLE_IDENTIFIER = IPV.TestTaskPhotoApp;
				PRODUCT_NAME = "$(TARGET_NAME)";
				SWIFT_VERSION = 5.0;
				TARGETED_DEVICE_FAMILY = 1;
			};
			name = Debug;
		};
		84A0177725D59324006B9FD5 /* Release */ = {
			isa = XCBuildConfiguration;
			baseConfigurationReference = 468593878FC93EC7B93B28C1 /* Pods-TestTaskPhotoApp.release.xcconfig */;
			buildSettings = {
				ASSETCATALOG_COMPILER_APPICON_NAME = AppIcon;
				ASSETCATALOG_COMPILER_GLOBAL_ACCENT_COLOR_NAME = AccentColor;
				CODE_SIGN_STYLE = Automatic;
				DEVELOPMENT_TEAM = 5DZ3AVXR7W;
				INFOPLIST_FILE = TestTaskPhotoApp/Info.plist;
				IPHONEOS_DEPLOYMENT_TARGET = 11.0;
				LD_RUNPATH_SEARCH_PATHS = (
					"$(inherited)",
					"@executable_path/Frameworks",
				);
				PRODUCT_BUNDLE_IDENTIFIER = IPV.TestTaskPhotoApp;
				PRODUCT_NAME = "$(TARGET_NAME)";
				SWIFT_VERSION = 5.0;
				TARGETED_DEVICE_FAMILY = 1;
			};
			name = Release;
		};
/* End XCBuildConfiguration section */

/* Begin XCConfigurationList section */
		84A0175C25D59320006B9FD5 /* Build configuration list for PBXProject "TestTaskPhotoApp" */ = {
			isa = XCConfigurationList;
			buildConfigurations = (
				84A0177325D59324006B9FD5 /* Debug */,
				84A0177425D59324006B9FD5 /* Release */,
			);
			defaultConfigurationIsVisible = 0;
			defaultConfigurationName = Release;
		};
		84A0177525D59324006B9FD5 /* Build configuration list for PBXNativeTarget "TestTaskPhotoApp" */ = {
			isa = XCConfigurationList;
			buildConfigurations = (
				84A0177625D59324006B9FD5 /* Debug */,
				84A0177725D59324006B9FD5 /* Release */,
			);
			defaultConfigurationIsVisible = 0;
			defaultConfigurationName = Release;
		};
/* End XCConfigurationList section */
	};
	rootObject = 84A0175925D59320006B9FD5 /* Project object */;
}
